// !$*UTF8*$!
{
	archiveVersion = 1;
	classes = {
	};
	objectVersion = 48;
	objects = {

/* Begin PBXBuildFile section */
		212BB07120337B210019AFA8 /* AppDelegate.swift in Sources */ = {isa = PBXBuildFile; fileRef = 212BB07020337B210019AFA8 /* AppDelegate.swift */; };
		212BB07320337B210019AFA8 /* ViewController.swift in Sources */ = {isa = PBXBuildFile; fileRef = 212BB07220337B210019AFA8 /* ViewController.swift */; };
		212BB07620337B210019AFA8 /* Main.storyboard in Resources */ = {isa = PBXBuildFile; fileRef = 212BB07420337B210019AFA8 /* Main.storyboard */; };
		212BB07820337B210019AFA8 /* Assets.xcassets in Resources */ = {isa = PBXBuildFile; fileRef = 212BB07720337B210019AFA8 /* Assets.xcassets */; };
		212BB07B20337B210019AFA8 /* LaunchScreen.storyboard in Resources */ = {isa = PBXBuildFile; fileRef = 212BB07920337B210019AFA8 /* LaunchScreen.storyboard */; };
		212BB08620337B220019AFA8 /* DraftBoard_WeatherTests.swift in Sources */ = {isa = PBXBuildFile; fileRef = 212BB08520337B220019AFA8 /* DraftBoard_WeatherTests.swift */; };
		212BB09120337B220019AFA8 /* DraftBoard_WeatherUITests.swift in Sources */ = {isa = PBXBuildFile; fileRef = 212BB09020337B220019AFA8 /* DraftBoard_WeatherUITests.swift */; };
		212BB09F2033D47A0019AFA8 /* WeatherGetter.swift in Sources */ = {isa = PBXBuildFile; fileRef = 212BB09E2033D47A0019AFA8 /* WeatherGetter.swift */; };
/* End PBXBuildFile section */

/* Begin PBXContainerItemProxy section */
		212BB08220337B220019AFA8 /* PBXContainerItemProxy */ = {
			isa = PBXContainerItemProxy;
			containerPortal = 212BB06520337B210019AFA8 /* Project object */;
			proxyType = 1;
			remoteGlobalIDString = 212BB06C20337B210019AFA8;
			remoteInfo = "DraftBoard-Weather";
		};
		212BB08D20337B220019AFA8 /* PBXContainerItemProxy */ = {
			isa = PBXContainerItemProxy;
			containerPortal = 212BB06520337B210019AFA8 /* Project object */;
			proxyType = 1;
			remoteGlobalIDString = 212BB06C20337B210019AFA8;
			remoteInfo = "DraftBoard-Weather";
		};
/* End PBXContainerItemProxy section */

/* Begin PBXFileReference section */
		212BB06D20337B210019AFA8 /* DraftBoard-Weather.app */ = {isa = PBXFileReference; explicitFileType = wrapper.application; includeInIndex = 0; path = "DraftBoard-Weather.app"; sourceTree = BUILT_PRODUCTS_DIR; };
		212BB07020337B210019AFA8 /* AppDelegate.swift */ = {isa = PBXFileReference; lastKnownFileType = sourcecode.swift; path = AppDelegate.swift; sourceTree = "<group>"; };
		212BB07220337B210019AFA8 /* ViewController.swift */ = {isa = PBXFileReference; lastKnownFileType = sourcecode.swift; path = ViewController.swift; sourceTree = "<group>"; };
		212BB07520337B210019AFA8 /* Base */ = {isa = PBXFileReference; lastKnownFileType = file.storyboard; name = Base; path = Base.lproj/Main.storyboard; sourceTree = "<group>"; };
		212BB07720337B210019AFA8 /* Assets.xcassets */ = {isa = PBXFileReference; lastKnownFileType = folder.assetcatalog; path = Assets.xcassets; sourceTree = "<group>"; };
		212BB07A20337B210019AFA8 /* Base */ = {isa = PBXFileReference; lastKnownFileType = file.storyboard; name = Base; path = Base.lproj/LaunchScreen.storyboard; sourceTree = "<group>"; };
		212BB07C20337B210019AFA8 /* Info.plist */ = {isa = PBXFileReference; lastKnownFileType = text.plist.xml; path = Info.plist; sourceTree = "<group>"; };
		212BB08120337B220019AFA8 /* DraftBoard-WeatherTests.xctest */ = {isa = PBXFileReference; explicitFileType = wrapper.cfbundle; includeInIndex = 0; path = "DraftBoard-WeatherTests.xctest"; sourceTree = BUILT_PRODUCTS_DIR; };
		212BB08520337B220019AFA8 /* DraftBoard_WeatherTests.swift */ = {isa = PBXFileReference; lastKnownFileType = sourcecode.swift; path = DraftBoard_WeatherTests.swift; sourceTree = "<group>"; };
		212BB08720337B220019AFA8 /* Info.plist */ = {isa = PBXFileReference; lastKnownFileType = text.plist.xml; path = Info.plist; sourceTree = "<group>"; };
		212BB08C20337B220019AFA8 /* DraftBoard-WeatherUITests.xctest */ = {isa = PBXFileReference; explicitFileType = wrapper.cfbundle; includeInIndex = 0; path = "DraftBoard-WeatherUITests.xctest"; sourceTree = BUILT_PRODUCTS_DIR; };
		212BB09020337B220019AFA8 /* DraftBoard_WeatherUITests.swift */ = {isa = PBXFileReference; lastKnownFileType = sourcecode.swift; path = DraftBoard_WeatherUITests.swift; sourceTree = "<group>"; };
		212BB09220337B220019AFA8 /* Info.plist */ = {isa = PBXFileReference; lastKnownFileType = text.plist.xml; path = Info.plist; sourceTree = "<group>"; };
		212BB09E2033D47A0019AFA8 /* WeatherGetter.swift */ = {isa = PBXFileReference; lastKnownFileType = sourcecode.swift; path = WeatherGetter.swift; sourceTree = "<group>"; };
/* End PBXFileReference section */

/* Begin PBXFrameworksBuildPhase section */
		212BB06A20337B210019AFA8 /* Frameworks */ = {
			isa = PBXFrameworksBuildPhase;
			buildActionMask = 2147483647;
			files = (
			);
			runOnlyForDeploymentPostprocessing = 0;
		};
		212BB07E20337B220019AFA8 /* Frameworks */ = {
			isa = PBXFrameworksBuildPhase;
			buildActionMask = 2147483647;
			files = (
			);
			runOnlyForDeploymentPostprocessing = 0;
		};
		212BB08920337B220019AFA8 /* Frameworks */ = {
			isa = PBXFrameworksBuildPhase;
			buildActionMask = 2147483647;
			files = (
			);
			runOnlyForDeploymentPostprocessing = 0;
		};
/* End PBXFrameworksBuildPhase section */

/* Begin PBXGroup section */
		212BB06420337B210019AFA8 = {
			isa = PBXGroup;
			children = (
				212BB06F20337B210019AFA8 /* DraftBoard-Weather */,
				212BB08420337B220019AFA8 /* DraftBoard-WeatherTests */,
				212BB08F20337B220019AFA8 /* DraftBoard-WeatherUITests */,
				212BB06E20337B210019AFA8 /* Products */,
			);
			sourceTree = "<group>";
		};
		212BB06E20337B210019AFA8 /* Products */ = {
			isa = PBXGroup;
			children = (
				212BB06D20337B210019AFA8 /* DraftBoard-Weather.app */,
				212BB08120337B220019AFA8 /* DraftBoard-WeatherTests.xctest */,
				212BB08C20337B220019AFA8 /* DraftBoard-WeatherUITests.xctest */,
			);
			name = Products;
			sourceTree = "<group>";
		};
		212BB06F20337B210019AFA8 /* DraftBoard-Weather */ = {
			isa = PBXGroup;
			children = (
				212BB07020337B210019AFA8 /* AppDelegate.swift */,
				212BB09E2033D47A0019AFA8 /* WeatherGetter.swift */,
				212BB07220337B210019AFA8 /* ViewController.swift */,
				212BB07420337B210019AFA8 /* Main.storyboard */,
				212BB07720337B210019AFA8 /* Assets.xcassets */,
				212BB07920337B210019AFA8 /* LaunchScreen.storyboard */,
				212BB07C20337B210019AFA8 /* Info.plist */,
			);
			path = "DraftBoard-Weather";
			sourceTree = "<group>";
		};
		212BB08420337B220019AFA8 /* DraftBoard-WeatherTests */ = {
			isa = PBXGroup;
			children = (
				212BB08520337B220019AFA8 /* DraftBoard_WeatherTests.swift */,
				212BB08720337B220019AFA8 /* Info.plist */,
			);
			path = "DraftBoard-WeatherTests";
			sourceTree = "<group>";
		};
		212BB08F20337B220019AFA8 /* DraftBoard-WeatherUITests */ = {
			isa = PBXGroup;
			children = (
				212BB09020337B220019AFA8 /* DraftBoard_WeatherUITests.swift */,
				212BB09220337B220019AFA8 /* Info.plist */,
			);
			path = "DraftBoard-WeatherUITests";
			sourceTree = "<group>";
		};
/* End PBXGroup section */

/* Begin PBXNativeTarget section */
		212BB06C20337B210019AFA8 /* DraftBoard-Weather */ = {
			isa = PBXNativeTarget;
			buildConfigurationList = 212BB09520337B220019AFA8 /* Build configuration list for PBXNativeTarget "DraftBoard-Weather" */;
			buildPhases = (
				212BB06920337B210019AFA8 /* Sources */,
				212BB06A20337B210019AFA8 /* Frameworks */,
				212BB06B20337B210019AFA8 /* Resources */,
			);
			buildRules = (
			);
			dependencies = (
			);
			name = "DraftBoard-Weather";
			productName = "DraftBoard-Weather";
			productReference = 212BB06D20337B210019AFA8 /* DraftBoard-Weather.app */;
			productType = "com.apple.product-type.application";
		};
		212BB08020337B220019AFA8 /* DraftBoard-WeatherTests */ = {
			isa = PBXNativeTarget;
			buildConfigurationList = 212BB09820337B220019AFA8 /* Build configuration list for PBXNativeTarget "DraftBoard-WeatherTests" */;
			buildPhases = (
				212BB07D20337B220019AFA8 /* Sources */,
				212BB07E20337B220019AFA8 /* Frameworks */,
				212BB07F20337B220019AFA8 /* Resources */,
			);
			buildRules = (
			);
			dependencies = (
				212BB08320337B220019AFA8 /* PBXTargetDependency */,
			);
			name = "DraftBoard-WeatherTests";
			productName = "DraftBoard-WeatherTests";
			productReference = 212BB08120337B220019AFA8 /* DraftBoard-WeatherTests.xctest */;
			productType = "com.apple.product-type.bundle.unit-test";
		};
		212BB08B20337B220019AFA8 /* DraftBoard-WeatherUITests */ = {
			isa = PBXNativeTarget;
			buildConfigurationList = 212BB09B20337B220019AFA8 /* Build configuration list for PBXNativeTarget "DraftBoard-WeatherUITests" */;
			buildPhases = (
				212BB08820337B220019AFA8 /* Sources */,
				212BB08920337B220019AFA8 /* Frameworks */,
				212BB08A20337B220019AFA8 /* Resources */,
			);
			buildRules = (
			);
			dependencies = (
				212BB08E20337B220019AFA8 /* PBXTargetDependency */,
			);
			name = "DraftBoard-WeatherUITests";
			productName = "DraftBoard-WeatherUITests";
			productReference = 212BB08C20337B220019AFA8 /* DraftBoard-WeatherUITests.xctest */;
			productType = "com.apple.product-type.bundle.ui-testing";
		};
/* End PBXNativeTarget section */

/* Begin PBXProject section */
		212BB06520337B210019AFA8 /* Project object */ = {
			isa = PBXProject;
			attributes = {
				LastSwiftUpdateCheck = 0920;
				LastUpgradeCheck = 0920;
				ORGANIZATIONNAME = "Konrad Wright";
				TargetAttributes = {
					212BB06C20337B210019AFA8 = {
						CreatedOnToolsVersion = 9.2;
						ProvisioningStyle = Automatic;
					};
					212BB08020337B220019AFA8 = {
						CreatedOnToolsVersion = 9.2;
						ProvisioningStyle = Automatic;
						TestTargetID = 212BB06C20337B210019AFA8;
					};
					212BB08B20337B220019AFA8 = {
						CreatedOnToolsVersion = 9.2;
						ProvisioningStyle = Automatic;
						TestTargetID = 212BB06C20337B210019AFA8;
					};
				};
			};
			buildConfigurationList = 212BB06820337B210019AFA8 /* Build configuration list for PBXProject "DraftBoard-Weather" */;
			compatibilityVersion = "Xcode 8.0";
			developmentRegion = en;
			hasScannedForEncodings = 0;
			knownRegions = (
				en,
				Base,
			);
			mainGroup = 212BB06420337B210019AFA8;
			productRefGroup = 212BB06E20337B210019AFA8 /* Products */;
			projectDirPath = "";
			projectRoot = "";
			targets = (
				212BB06C20337B210019AFA8 /* DraftBoard-Weather */,
				212BB08020337B220019AFA8 /* DraftBoard-WeatherTests */,
				212BB08B20337B220019AFA8 /* DraftBoard-WeatherUITests */,
			);
		};
/* End PBXProject section */

/* Begin PBXResourcesBuildPhase section */
		212BB06B20337B210019AFA8 /* Resources */ = {
			isa = PBXResourcesBuildPhase;
			buildActionMask = 2147483647;
			files = (
				212BB07B20337B210019AFA8 /* LaunchScreen.storyboard in Resources */,
				212BB07820337B210019AFA8 /* Assets.xcassets in Resources */,
				212BB07620337B210019AFA8 /* Main.storyboard in Resources */,
			);
			runOnlyForDeploymentPostprocessing = 0;
		};
		212BB07F20337B220019AFA8 /* Resources */ = {
			isa = PBXResourcesBuildPhase;
			buildActionMask = 2147483647;
			files = (
			);
			runOnlyForDeploymentPostprocessing = 0;
		};
		212BB08A20337B220019AFA8 /* Resources */ = {
			isa = PBXResourcesBuildPhase;
			buildActionMask = 2147483647;
			files = (
			);
			runOnlyForDeploymentPostprocessing = 0;
		};
/* End PBXResourcesBuildPhase section */

/* Begin PBXSourcesBuildPhase section */
		212BB06920337B210019AFA8 /* Sources */ = {
			isa = PBXSourcesBuildPhase;
			buildActionMask = 2147483647;
			files = (
				212BB07320337B210019AFA8 /* ViewController.swift in Sources */,
				212BB09F2033D47A0019AFA8 /* WeatherGetter.swift in Sources */,
				212BB07120337B210019AFA8 /* AppDelegate.swift in Sources */,
			);
			runOnlyForDeploymentPostprocessing = 0;
		};
		212BB07D20337B220019AFA8 /* Sources */ = {
			isa = PBXSourcesBuildPhase;
			buildActionMask = 2147483647;
			files = (
				212BB08620337B220019AFA8 /* DraftBoard_WeatherTests.swift in Sources */,
			);
			runOnlyForDeploymentPostprocessing = 0;
		};
		212BB08820337B220019AFA8 /* Sources */ = {
			isa = PBXSourcesBuildPhase;
			buildActionMask = 2147483647;
			files = (
				212BB09120337B220019AFA8 /* DraftBoard_WeatherUITests.swift in Sources */,
			);
			runOnlyForDeploymentPostprocessing = 0;
		};
/* End PBXSourcesBuildPhase section */

/* Begin PBXTargetDependency section */
		212BB08320337B220019AFA8 /* PBXTargetDependency */ = {
			isa = PBXTargetDependency;
			target = 212BB06C20337B210019AFA8 /* DraftBoard-Weather */;
			targetProxy = 212BB08220337B220019AFA8 /* PBXContainerItemProxy */;
		};
		212BB08E20337B220019AFA8 /* PBXTargetDependency */ = {
			isa = PBXTargetDependency;
			target = 212BB06C20337B210019AFA8 /* DraftBoard-Weather */;
			targetProxy = 212BB08D20337B220019AFA8 /* PBXContainerItemProxy */;
		};
/* End PBXTargetDependency section */

/* Begin PBXVariantGroup section */
		212BB07420337B210019AFA8 /* Main.storyboard */ = {
			isa = PBXVariantGroup;
			children = (
				212BB07520337B210019AFA8 /* Base */,
			);
			name = Main.storyboard;
			sourceTree = "<group>";
		};
		212BB07920337B210019AFA8 /* LaunchScreen.storyboard */ = {
			isa = PBXVariantGroup;
			children = (
				212BB07A20337B210019AFA8 /* Base */,
			);
			name = LaunchScreen.storyboard;
			sourceTree = "<group>";
		};
/* End PBXVariantGroup section */

/* Begin XCBuildConfiguration section */
		212BB09320337B220019AFA8 /* Debug */ = {
			isa = XCBuildConfiguration;
			buildSettings = {
				ALWAYS_SEARCH_USER_PATHS = NO;
				CLANG_ANALYZER_NONNULL = YES;
				CLANG_ANALYZER_NUMBER_OBJECT_CONVERSION = YES_AGGRESSIVE;
				CLANG_CXX_LANGUAGE_STANDARD = "gnu++14";
				CLANG_CXX_LIBRARY = "libc++";
				CLANG_ENABLE_MODULES = YES;
				CLANG_ENABLE_OBJC_ARC = YES;
				CLANG_WARN_BLOCK_CAPTURE_AUTORELEASING = YES;
				CLANG_WARN_BOOL_CONVERSION = YES;
				CLANG_WARN_COMMA = YES;
				CLANG_WARN_CONSTANT_CONVERSION = YES;
				CLANG_WARN_DIRECT_OBJC_ISA_USAGE = YES_ERROR;
				CLANG_WARN_DOCUMENTATION_COMMENTS = YES;
				CLANG_WARN_EMPTY_BODY = YES;
				CLANG_WARN_ENUM_CONVERSION = YES;
				CLANG_WARN_INFINITE_RECURSION = YES;
				CLANG_WARN_INT_CONVERSION = YES;
				CLANG_WARN_NON_LITERAL_NULL_CONVERSION = YES;
				CLANG_WARN_OBJC_LITERAL_CONVERSION = YES;
				CLANG_WARN_OBJC_ROOT_CLASS = YES_ERROR;
				CLANG_WARN_RANGE_LOOP_ANALYSIS = YES;
				CLANG_WARN_STRICT_PROTOTYPES = YES;
				CLANG_WARN_SUSPICIOUS_MOVE = YES;
				CLANG_WARN_UNGUARDED_AVAILABILITY = YES_AGGRESSIVE;
				CLANG_WARN_UNREACHABLE_CODE = YES;
				CLANG_WARN__DUPLICATE_METHOD_MATCH = YES;
				CODE_SIGN_IDENTITY = "iPhone Developer";
				COPY_PHASE_STRIP = NO;
				DEBUG_INFORMATION_FORMAT = dwarf;
				ENABLE_STRICT_OBJC_MSGSEND = YES;
				ENABLE_TESTABILITY = YES;
				GCC_C_LANGUAGE_STANDARD = gnu11;
				GCC_DYNAMIC_NO_PIC = NO;
				GCC_NO_COMMON_BLOCKS = YES;
				GCC_OPTIMIZATION_LEVEL = 0;
				GCC_PREPROCESSOR_DEFINITIONS = (
					"DEBUG=1",
					"$(inherited)",
				);
				GCC_WARN_64_TO_32_BIT_CONVERSION = YES;
				GCC_WARN_ABOUT_RETURN_TYPE = YES_ERROR;
				GCC_WARN_UNDECLARED_SELECTOR = YES;
				GCC_WARN_UNINITIALIZED_AUTOS = YES_AGGRESSIVE;
				GCC_WARN_UNUSED_FUNCTION = YES;
				GCC_WARN_UNUSED_VARIABLE = YES;
				IPHONEOS_DEPLOYMENT_TARGET = 11.2;
				MTL_ENABLE_DEBUG_INFO = YES;
				ONLY_ACTIVE_ARCH = YES;
				SDKROOT = iphoneos;
				SWIFT_ACTIVE_COMPILATION_CONDITIONS = DEBUG;
				SWIFT_OPTIMIZATION_LEVEL = "-Onone";
			};
			name = Debug;
		};
		212BB09420337B220019AFA8 /* Release */ = {
			isa = XCBuildConfiguration;
			buildSettings = {
				ALWAYS_SEARCH_USER_PATHS = NO;
				CLANG_ANALYZER_NONNULL = YES;
				CLANG_ANALYZER_NUMBER_OBJECT_CONVERSION = YES_AGGRESSIVE;
				CLANG_CXX_LANGUAGE_STANDARD = "gnu++14";
				CLANG_CXX_LIBRARY = "libc++";
				CLANG_ENABLE_MODULES = YES;
				CLANG_ENABLE_OBJC_ARC = YES;
				CLANG_WARN_BLOCK_CAPTURE_AUTORELEASING = YES;
				CLANG_WARN_BOOL_CONVERSION = YES;
				CLANG_WARN_COMMA = YES;
				CLANG_WARN_CONSTANT_CONVERSION = YES;
				CLANG_WARN_DIRECT_OBJC_ISA_USAGE = YES_ERROR;
				CLANG_WARN_DOCUMENTATION_COMMENTS = YES;
				CLANG_WARN_EMPTY_BODY = YES;
				CLANG_WARN_ENUM_CONVERSION = YES;
				CLANG_WARN_INFINITE_RECURSION = YES;
				CLANG_WARN_INT_CONVERSION = YES;
				CLANG_WARN_NON_LITERAL_NULL_CONVERSION = YES;
				CLANG_WARN_OBJC_LITERAL_CONVERSION = YES;
				CLANG_WARN_OBJC_ROOT_CLASS = YES_ERROR;
				CLANG_WARN_RANGE_LOOP_ANALYSIS = YES;
				CLANG_WARN_STRICT_PROTOTYPES = YES;
				CLANG_WARN_SUSPICIOUS_MOVE = YES;
				CLANG_WARN_UNGUARDED_AVAILABILITY = YES_AGGRESSIVE;
				CLANG_WARN_UNREACHABLE_CODE = YES;
				CLANG_WARN__DUPLICATE_METHOD_MATCH = YES;
				CODE_SIGN_IDENTITY = "iPhone Developer";
				COPY_PHASE_STRIP = NO;
				DEBUG_INFORMATION_FORMAT = "dwarf-with-dsym";
				ENABLE_NS_ASSERTIONS = NO;
				ENABLE_STRICT_OBJC_MSGSEND = YES;
				GCC_C_LANGUAGE_STANDARD = gnu11;
				GCC_NO_COMMON_BLOCKS = YES;
				GCC_WARN_64_TO_32_BIT_CONVERSION = YES;
				GCC_WARN_ABOUT_RETURN_TYPE = YES_ERROR;
				GCC_WARN_UNDECLARED_SELECTOR = YES;
				GCC_WARN_UNINITIALIZED_AUTOS = YES_AGGRESSIVE;
				GCC_WARN_UNUSED_FUNCTION = YES;
				GCC_WARN_UNUSED_VARIABLE = YES;
				IPHONEOS_DEPLOYMENT_TARGET = 11.2;
				MTL_ENABLE_DEBUG_INFO = NO;
				SDKROOT = iphoneos;
				SWIFT_OPTIMIZATION_LEVEL = "-Owholemodule";
				VALIDATE_PRODUCT = YES;
			};
			name = Release;
		};
		212BB09620337B220019AFA8 /* Debug */ = {
			isa = XCBuildConfiguration;
			buildSettings = {
				ASSETCATALOG_COMPILER_APPICON_NAME = AppIcon;
				CODE_SIGN_STYLE = Automatic;
				INFOPLIST_FILE = "DraftBoard-Weather/Info.plist";
				LD_RUNPATH_SEARCH_PATHS = "$(inherited) @executable_path/Frameworks";
				PRODUCT_BUNDLE_IDENTIFIER = "konradwright.DraftBoard-Weather";
				PRODUCT_NAME = "$(TARGET_NAME)";
				SWIFT_VERSION = 4.0;
				TARGETED_DEVICE_FAMILY = "1,2";
			};
			name = Debug;
		};
		212BB09720337B220019AFA8 /* Release */ = {
			isa = XCBuildConfiguration;
			buildSettings = {
				ASSETCATALOG_COMPILER_APPICON_NAME = AppIcon;
				CODE_SIGN_STYLE = Automatic;
				INFOPLIST_FILE = "DraftBoard-Weather/Info.plist";
				LD_RUNPATH_SEARCH_PATHS = "$(inherited) @executable_path/Frameworks";
				PRODUCT_BUNDLE_IDENTIFIER = "konradwright.DraftBoard-Weather";
				PRODUCT_NAME = "$(TARGET_NAME)";
				SWIFT_VERSION = 4.0;
				TARGETED_DEVICE_FAMILY = "1,2";
			};
			name = Release;
		};
		212BB09920337B220019AFA8 /* Debug */ = {
			isa = XCBuildConfiguration;
			buildSettings = {
				ALWAYS_EMBED_SWIFT_STANDARD_LIBRARIES = YES;
				BUNDLE_LOADER = "$(TEST_HOST)";
				CODE_SIGN_STYLE = Automatic;
				INFOPLIST_FILE = "DraftBoard-WeatherTests/Info.plist";
				LD_RUNPATH_SEARCH_PATHS = "$(inherited) @executable_path/Frameworks @loader_path/Frameworks";
				PRODUCT_BUNDLE_IDENTIFIER = "konradwright.DraftBoard-WeatherTests";
				PRODUCT_NAME = "$(TARGET_NAME)";
				SWIFT_VERSION = 4.0;
				TARGETED_DEVICE_FAMILY = "1,2";
				TEST_HOST = "$(BUILT_PRODUCTS_DIR)/DraftBoard-Weather.app/DraftBoard-Weather";
			};
			name = Debug;
		};
		212BB09A20337B220019AFA8 /* Release */ = {
			isa = XCBuildConfiguration;
			buildSettings = {
				ALWAYS_EMBED_SWIFT_STANDARD_LIBRARIES = YES;
				BUNDLE_LOADER = "$(TEST_HOST)";
				CODE_SIGN_STYLE = Automatic;
				INFOPLIST_FILE = "DraftBoard-WeatherTests/Info.plist";
				LD_RUNPATH_SEARCH_PATHS = "$(inherited) @executable_path/Frameworks @loader_path/Frameworks";
				PRODUCT_BUNDLE_IDENTIFIER = "konradwright.DraftBoard-WeatherTests";
				PRODUCT_NAME = "$(TARGET_NAME)";
				SWIFT_VERSION = 4.0;
				TARGETED_DEVICE_FAMILY = "1,2";
				TEST_HOST = "$(BUILT_PRODUCTS_DIR)/DraftBoard-Weather.app/DraftBoard-Weather";
			};
			name = Release;
		};
		212BB09C20337B220019AFA8 /* Debug */ = {
			isa = XCBuildConfiguration;
			buildSettings = {
				ALWAYS_EMBED_SWIFT_STANDARD_LIBRARIES = YES;
				CODE_SIGN_STYLE = Automatic;
				INFOPLIST_FILE = "DraftBoard-WeatherUITests/Info.plist";
				LD_RUNPATH_SEARCH_PATHS = "$(inherited) @executable_path/Frameworks @loader_path/Frameworks";
				PRODUCT_BUNDLE_IDENTIFIER = "konradwright.DraftBoard-WeatherUITests";
				PRODUCT_NAME = "$(TARGET_NAME)";
				SWIFT_VERSION = 4.0;
				TARGETED_DEVICE_FAMILY = "1,2";
				TEST_TARGET_NAME = "DraftBoard-Weather";
			};
			name = Debug;
		};
		212BB09D20337B220019AFA8 /* Release */ = {
			isa = XCBuildConfiguration;
			buildSettings = {
				ALWAYS_EMBED_SWIFT_STANDARD_LIBRARIES = YES;
				CODE_SIGN_STYLE = Automatic;
				INFOPLIST_FILE = "DraftBoard-WeatherUITests/Info.plist";
				LD_RUNPATH_SEARCH_PATHS = "$(inherited) @executable_path/Frameworks @loader_path/Frameworks";
				PRODUCT_BUNDLE_IDENTIFIER = "konradwright.DraftBoard-WeatherUITests";
				PRODUCT_NAME = "$(TARGET_NAME)";
				SWIFT_VERSION = 4.0;
				TARGETED_DEVICE_FAMILY = "1,2";
				TEST_TARGET_NAME = "DraftBoard-Weather";
			};
			name = Release;
		};
/* End XCBuildConfiguration section */

/* Begin XCConfigurationList section */
		212BB06820337B210019AFA8 /* Build configuration list for PBXProject "DraftBoard-Weather" */ = {
			isa = XCConfigurationList;
			buildConfigurations = (
				212BB09320337B220019AFA8 /* Debug */,
				212BB09420337B220019AFA8 /* Release */,
			);
			defaultConfigurationIsVisible = 0;
			defaultConfigurationName = Release;
		};
		212BB09520337B220019AFA8 /* Build configuration list for PBXNativeTarget "DraftBoard-Weather" */ = {
			isa = XCConfigurationList;
			buildConfigurations = (
				212BB09620337B220019AFA8 /* Debug */,
				212BB09720337B220019AFA8 /* Release */,
			);
			defaultConfigurationIsVisible = 0;
			defaultConfigurationName = Release;
		};
		212BB09820337B220019AFA8 /* Build configuration list for PBXNativeTarget "DraftBoard-WeatherTests" */ = {
			isa = XCConfigurationList;
			buildConfigurations = (
				212BB09920337B220019AFA8 /* Debug */,
				212BB09A20337B220019AFA8 /* Release */,
			);
			defaultConfigurationIsVisible = 0;
			defaultConfigurationName = Release;
		};
		212BB09B20337B220019AFA8 /* Build configuration list for PBXNativeTarget "DraftBoard-WeatherUITests" */ = {
			isa = XCConfigurationList;
			buildConfigurations = (
				212BB09C20337B220019AFA8 /* Debug */,
				212BB09D20337B220019AFA8 /* Release */,
			);
			defaultConfigurationIsVisible = 0;
			defaultConfigurationName = Release;
		};
/* End XCConfigurationList section */
	};
	rootObject = 212BB06520337B210019AFA8 /* Project object */;
}
